
Microsoft Visual Studio Solution File, Format Version 12.00
# Visual Studio Version 17
VisualStudioVersion = 17.2.32630.192
MinimumVisualStudioVersion = 10.0.40219.1
Project("{9A19103F-16F7-4668-BE54-9A1E7A4F7556}") = "ComputersShopView", "ComputesrShopView\ComputersShopView.csproj", "{AA08DAF1-B82D-4B68-8F76-9456F8822B47}"
	ProjectSection(ProjectDependencies) = postProject
		{B4833DC9-C618-44F1-8751-E43C7E1CC20A} = {B4833DC9-C618-44F1-8751-E43C7E1CC20A}
	EndProjectSection
EndProject
Project("{9A19103F-16F7-4668-BE54-9A1E7A4F7556}") = "ComputersShopContracts", "ComputersShopContracts\ComputersShopContracts.csproj", "{B4833DC9-C618-44F1-8751-E43C7E1CC20A}"
EndProject
Project("{9A19103F-16F7-4668-BE54-9A1E7A4F7556}") = "ComputersShopBusinessLogic", "ComputersShopBusinessLogic\ComputersShopBusinessLogic.csproj", "{94BF5FE3-6A98-46D5-A02E-C7283575D456}"
EndProject
Project("{9A19103F-16F7-4668-BE54-9A1E7A4F7556}") = "ComputersShopFileImplement", "ComputersShopFileImplement\ComputersShopFileImplement.csproj", "{6458719F-D203-4BF4-977F-918DC47CDB70}"
EndProject
Project("{9A19103F-16F7-4668-BE54-9A1E7A4F7556}") = "ComputersShopDatabaseImplement", "ComputersShopDatabaseImplement\ComputersShopDatabaseImplement.csproj", "{F1B3367D-B575-49E7-A8F5-26AB13FA4AB8}"
EndProject
Project("{FAE04EC0-301F-11D3-BF4B-00C04F79EFBC}") = "ComputersShopRestApi", "ComputersShopRestApi\ComputersShopRestApi.csproj", "{6DB24AC3-236C-4926-9CBF-53320D6EBED0}"
EndProject
Project("{FAE04EC0-301F-11D3-BF4B-00C04F79EFBC}") = "ComputersShowClientApp", "ComputersShowClientApp\ComputersShowClientApp.csproj", "{BAD140B1-BBEA-4FB2-A09F-3CFE3EBF5CC7}"
EndProject
Global
	GlobalSection(SolutionConfigurationPlatforms) = preSolution
		Debug|Any CPU = Debug|Any CPU
		Release|Any CPU = Release|Any CPU
	EndGlobalSection
	GlobalSection(ProjectConfigurationPlatforms) = postSolution
		{AA08DAF1-B82D-4B68-8F76-9456F8822B47}.Debug|Any CPU.ActiveCfg = Debug|Any CPU
		{AA08DAF1-B82D-4B68-8F76-9456F8822B47}.Debug|Any CPU.Build.0 = Debug|Any CPU
		{AA08DAF1-B82D-4B68-8F76-9456F8822B47}.Release|Any CPU.ActiveCfg = Release|Any CPU
		{AA08DAF1-B82D-4B68-8F76-9456F8822B47}.Release|Any CPU.Build.0 = Release|Any CPU
		{B4833DC9-C618-44F1-8751-E43C7E1CC20A}.Debug|Any CPU.ActiveCfg = Debug|Any CPU
		{B4833DC9-C618-44F1-8751-E43C7E1CC20A}.Debug|Any CPU.Build.0 = Debug|Any CPU
		{B4833DC9-C618-44F1-8751-E43C7E1CC20A}.Release|Any CPU.ActiveCfg = Release|Any CPU
		{B4833DC9-C618-44F1-8751-E43C7E1CC20A}.Release|Any CPU.Build.0 = Release|Any CPU
		{94BF5FE3-6A98-46D5-A02E-C7283575D456}.Debug|Any CPU.ActiveCfg = Debug|Any CPU
		{94BF5FE3-6A98-46D5-A02E-C7283575D456}.Debug|Any CPU.Build.0 = Debug|Any CPU
		{94BF5FE3-6A98-46D5-A02E-C7283575D456}.Release|Any CPU.ActiveCfg = Release|Any CPU
		{94BF5FE3-6A98-46D5-A02E-C7283575D456}.Release|Any CPU.Build.0 = Release|Any CPU
		{6458719F-D203-4BF4-977F-918DC47CDB70}.Debug|Any CPU.ActiveCfg = Debug|Any CPU
		{6458719F-D203-4BF4-977F-918DC47CDB70}.Debug|Any CPU.Build.0 = Debug|Any CPU
		{6458719F-D203-4BF4-977F-918DC47CDB70}.Release|Any CPU.ActiveCfg = Release|Any CPU
		{6458719F-D203-4BF4-977F-918DC47CDB70}.Release|Any CPU.Build.0 = Release|Any CPU
		{F1B3367D-B575-49E7-A8F5-26AB13FA4AB8}.Debug|Any CPU.ActiveCfg = Debug|Any CPU
		{F1B3367D-B575-49E7-A8F5-26AB13FA4AB8}.Debug|Any CPU.Build.0 = Debug|Any CPU
		{F1B3367D-B575-49E7-A8F5-26AB13FA4AB8}.Release|Any CPU.ActiveCfg = Release|Any CPU
		{F1B3367D-B575-49E7-A8F5-26AB13FA4AB8}.Release|Any CPU.Build.0 = Release|Any CPU
		{6DB24AC3-236C-4926-9CBF-53320D6EBED0}.Debug|Any CPU.ActiveCfg = Debug|Any CPU
		{6DB24AC3-236C-4926-9CBF-53320D6EBED0}.Debug|Any CPU.Build.0 = Debug|Any CPU
		{6DB24AC3-236C-4926-9CBF-53320D6EBED0}.Release|Any CPU.ActiveCfg = Release|Any CPU
		{6DB24AC3-236C-4926-9CBF-53320D6EBED0}.Release|Any CPU.Build.0 = Release|Any CPU
		{BAD140B1-BBEA-4FB2-A09F-3CFE3EBF5CC7}.Debug|Any CPU.ActiveCfg = Debug|Any CPU
		{BAD140B1-BBEA-4FB2-A09F-3CFE3EBF5CC7}.Debug|Any CPU.Build.0 = Debug|Any CPU
		{BAD140B1-BBEA-4FB2-A09F-3CFE3EBF5CC7}.Release|Any CPU.ActiveCfg = Release|Any CPU
		{BAD140B1-BBEA-4FB2-A09F-3CFE3EBF5CC7}.Release|Any CPU.Build.0 = Release|Any CPU
	EndGlobalSection
	GlobalSection(SolutionProperties) = preSolution
		HideSolutionNode = FALSE
	EndGlobalSection
	GlobalSection(ExtensibilityGlobals) = postSolution
		SolutionGuid = {17C97D87-7788-484C-9B9A-96CA2C605022}
	EndGlobalSection
EndGlobal
